github.com/gocarp/codes v1.0.0 h1:qxD6uuCohXIijORHWPlk+ywEpNV9ZDAzE+cEs8XPzZo=
github.com/gocarp/codes v1.0.0/go.mod h1:RPIHuZOUDKCu6nWcWRzlSwypwpFlvgWxsZDsmjVw/F0=
github.com/gocarp/errors v1.0.0 h1:d0JqqgkNoUcCmln3nFi5krUGX7Vlnu9WN5U4c7QfO3U=
github.com/gocarp/errors v1.0.0/go.mod h1:1PCjBJfzd1mLW68rPUV80jhQSVK/gGQyHh+t13xl0gY=
github.com/gocarp/helpers v1.0.0 h1:Kg44t6sfV0IMOcPpbtfarPW/ZQwTqrGMdz61WoGcN/o=
github.com/gocarp/helpers v1.0.0/go.mod h1:wLortDtqRqIfzA/wdq03J8lm+hwxXRFZ/m2weY6yL6A=
